<<<<<<< HEAD
Microsoft Visual Studio Solution File, Format Version 11.00
# Visual Studio 2008

Project("{728F17A5-ABF4-CFFA-1FF5-2D2D6413904A}") = "Quinoa", "Assembly-CSharp.csproj", "{B6E8F3C1-CB16-1702-3DFD-2D477587109A}"
=======
﻿
Microsoft Visual Studio Solution File, Format Version 12.00
# Visual Studio 2015
Project("{FAE04EC0-301F-11D3-BF4B-00C04F79EFBC}") = "Quinoa.CSharp.Plugins", "Quinoa.CSharp.Plugins.csproj", "{AEB0C172-96BF-FBD2-A0F9-9F4BD52CE10F}"
EndProject
Project("{FAE04EC0-301F-11D3-BF4B-00C04F79EFBC}") = "Quinoa.CSharp", "Quinoa.CSharp.csproj", "{113339C0-83C3-CF78-07E5-5113ECCB9066}"
>>>>>>> Multiplayer
EndProject
Project("{FAE04EC0-301F-11D3-BF4B-00C04F79EFBC}") = "Quinoa.CSharp.Editor", "Quinoa.CSharp.Editor.csproj", "{4CDDD4A0-72A3-6C5B-5746-9B3CFF5B0B74}"
EndProject
Global
	GlobalSection(SolutionConfigurationPlatforms) = preSolution
		Debug|Any CPU = Debug|Any CPU
		Release|Any CPU = Release|Any CPU
	EndGlobalSection
	GlobalSection(ProjectConfigurationPlatforms) = postSolution
<<<<<<< HEAD
		{B6E8F3C1-CB16-1702-3DFD-2D477587109A}.Debug|Any CPU.ActiveCfg = Debug|Any CPU
		{B6E8F3C1-CB16-1702-3DFD-2D477587109A}.Debug|Any CPU.Build.0 = Debug|Any CPU
		{B6E8F3C1-CB16-1702-3DFD-2D477587109A}.Release|Any CPU.ActiveCfg = Release|Any CPU
		{B6E8F3C1-CB16-1702-3DFD-2D477587109A}.Release|Any CPU.Build.0 = Release|Any CPU
=======
		{AEB0C172-96BF-FBD2-A0F9-9F4BD52CE10F}.Debug|Any CPU.ActiveCfg = Debug|Any CPU
		{AEB0C172-96BF-FBD2-A0F9-9F4BD52CE10F}.Debug|Any CPU.Build.0 = Debug|Any CPU
		{AEB0C172-96BF-FBD2-A0F9-9F4BD52CE10F}.Release|Any CPU.ActiveCfg = Release|Any CPU
		{AEB0C172-96BF-FBD2-A0F9-9F4BD52CE10F}.Release|Any CPU.Build.0 = Release|Any CPU
		{113339C0-83C3-CF78-07E5-5113ECCB9066}.Debug|Any CPU.ActiveCfg = Debug|Any CPU
		{113339C0-83C3-CF78-07E5-5113ECCB9066}.Debug|Any CPU.Build.0 = Debug|Any CPU
		{113339C0-83C3-CF78-07E5-5113ECCB9066}.Release|Any CPU.ActiveCfg = Release|Any CPU
		{113339C0-83C3-CF78-07E5-5113ECCB9066}.Release|Any CPU.Build.0 = Release|Any CPU
		{4CDDD4A0-72A3-6C5B-5746-9B3CFF5B0B74}.Debug|Any CPU.ActiveCfg = Debug|Any CPU
		{4CDDD4A0-72A3-6C5B-5746-9B3CFF5B0B74}.Debug|Any CPU.Build.0 = Debug|Any CPU
		{4CDDD4A0-72A3-6C5B-5746-9B3CFF5B0B74}.Release|Any CPU.ActiveCfg = Release|Any CPU
		{4CDDD4A0-72A3-6C5B-5746-9B3CFF5B0B74}.Release|Any CPU.Build.0 = Release|Any CPU
>>>>>>> Multiplayer
	EndGlobalSection
	GlobalSection(SolutionProperties) = preSolution
		HideSolutionNode = FALSE
	EndGlobalSection
		GlobalSection(MonoDevelopProperties) = preSolution
		StartupItem = Assembly-CSharp.csproj
		Policies = $0
		$0.TextStylePolicy = $1
		$1.inheritsSet = null
		$1.scope = text/x-csharp
		$0.CSharpFormattingPolicy = $2
		$2.inheritsSet = Mono
		$2.inheritsScope = text/x-csharp
		$2.scope = text/x-csharp
		$0.TextStylePolicy = $3
		$3.FileWidth = 120
		$3.TabWidth = 4
		$3.IndentWidth = 4
		$3.EolMarker = Unix
		$3.inheritsSet = Mono
		$3.inheritsScope = text/plain
		$3.scope = text/plain
	EndGlobalSection

EndGlobal
