
Microsoft Visual Studio Solution File, Format Version 12.00
# Visual Studio 2015
Project("{FAE04EC0-301F-11D3-BF4B-00C04F79EFBC}") = "Quinoa.CSharp.Plugins", "Quinoa.CSharp.Plugins.csproj", "{AEB0C172-96BF-FBD2-A0F9-9F4BD52CE10F}"
EndProject
Project("{FAE04EC0-301F-11D3-BF4B-00C04F79EFBC}") = "Quinoa.CSharp", "Quinoa.CSharp.csproj", "{113339C0-83C3-CF78-07E5-5113ECCB9066}"
EndProject
Project("{FAE04EC0-301F-11D3-BF4B-00C04F79EFBC}") = "Quinoa.CSharp.Editor", "Quinoa.CSharp.Editor.csproj", "{4CDDD4A0-72A3-6C5B-5746-9B3CFF5B0B74}"
EndProject
Global
	GlobalSection(SolutionConfigurationPlatforms) = preSolution
		Debug|Any CPU = Debug|Any CPU
		Release|Any CPU = Release|Any CPU
	EndGlobalSection
	GlobalSection(ProjectConfigurationPlatforms) = postSolution
		{AEB0C172-96BF-FBD2-A0F9-9F4BD52CE10F}.Debug|Any CPU.ActiveCfg = Debug|Any CPU
		{AEB0C172-96BF-FBD2-A0F9-9F4BD52CE10F}.Debug|Any CPU.Build.0 = Debug|Any CPU
		{AEB0C172-96BF-FBD2-A0F9-9F4BD52CE10F}.Release|Any CPU.ActiveCfg = Release|Any CPU
		{AEB0C172-96BF-FBD2-A0F9-9F4BD52CE10F}.Release|Any CPU.Build.0 = Release|Any CPU
		{113339C0-83C3-CF78-07E5-5113ECCB9066}.Debug|Any CPU.ActiveCfg = Debug|Any CPU
		{113339C0-83C3-CF78-07E5-5113ECCB9066}.Debug|Any CPU.Build.0 = Debug|Any CPU
		{113339C0-83C3-CF78-07E5-5113ECCB9066}.Release|Any CPU.ActiveCfg = Release|Any CPU
		{113339C0-83C3-CF78-07E5-5113ECCB9066}.Release|Any CPU.Build.0 = Release|Any CPU
		{4CDDD4A0-72A3-6C5B-5746-9B3CFF5B0B74}.Debug|Any CPU.ActiveCfg = Debug|Any CPU
		{4CDDD4A0-72A3-6C5B-5746-9B3CFF5B0B74}.Debug|Any CPU.Build.0 = Debug|Any CPU
		{4CDDD4A0-72A3-6C5B-5746-9B3CFF5B0B74}.Release|Any CPU.ActiveCfg = Release|Any CPU
		{4CDDD4A0-72A3-6C5B-5746-9B3CFF5B0B74}.Release|Any CPU.Build.0 = Release|Any CPU
	EndGlobalSection
	GlobalSection(SolutionProperties) = preSolution
		HideSolutionNode = FALSE
	EndGlobalSection
EndGlobal
