
Microsoft Visual Studio Solution File, Format Version 12.00
# Visual Studio 2015
Project("{FAE04EC0-301F-11D3-BF4B-00C04F79EFBC}") = "Quinoa.CSharp", "Quinoa.CSharp.csproj", "{113339C0-83C3-CF78-07E5-5113ECCB9066}"
EndProject
Global
	GlobalSection(SolutionConfigurationPlatforms) = preSolution
		Debug|Any CPU = Debug|Any CPU
		Release|Any CPU = Release|Any CPU
	EndGlobalSection
	GlobalSection(ProjectConfigurationPlatforms) = postSolution
		{113339C0-83C3-CF78-07E5-5113ECCB9066}.Debug|Any CPU.ActiveCfg = Debug|Any CPU
		{113339C0-83C3-CF78-07E5-5113ECCB9066}.Debug|Any CPU.Build.0 = Debug|Any CPU
		{113339C0-83C3-CF78-07E5-5113ECCB9066}.Release|Any CPU.ActiveCfg = Release|Any CPU
		{113339C0-83C3-CF78-07E5-5113ECCB9066}.Release|Any CPU.Build.0 = Release|Any CPU
	EndGlobalSection
	GlobalSection(SolutionProperties) = preSolution
		HideSolutionNode = FALSE
	EndGlobalSection
EndGlobal
