
Microsoft Visual Studio Solution File, Format Version 12.00
# Visual Studio 2015
Project("{FAE04EC0-301F-11D3-BF4B-00C04F79EFBC}") = "Quinoa Photon.CSharp.Plugins", "Quinoa Photon.CSharp.Plugins.csproj", "{D592B865-4880-06F8-B9A7-85B7DA0403B1}"
EndProject
Project("{FAE04EC0-301F-11D3-BF4B-00C04F79EFBC}") = "Quinoa Photon.CSharp", "Quinoa Photon.CSharp.csproj", "{FAC0D18E-D550-AE51-5388-42CE88EF1319}"
EndProject
Project("{FAE04EC0-301F-11D3-BF4B-00C04F79EFBC}") = "Quinoa Photon.CSharp.Editor", "Quinoa Photon.CSharp.Editor.csproj", "{903BB3CF-2A69-CF3F-FC71-E7314C1799DE}"
EndProject
Global
	GlobalSection(SolutionConfigurationPlatforms) = preSolution
		Debug|Any CPU = Debug|Any CPU
		Release|Any CPU = Release|Any CPU
	EndGlobalSection
	GlobalSection(ProjectConfigurationPlatforms) = postSolution
		{D592B865-4880-06F8-B9A7-85B7DA0403B1}.Debug|Any CPU.ActiveCfg = Debug|Any CPU
		{D592B865-4880-06F8-B9A7-85B7DA0403B1}.Debug|Any CPU.Build.0 = Debug|Any CPU
		{D592B865-4880-06F8-B9A7-85B7DA0403B1}.Release|Any CPU.ActiveCfg = Release|Any CPU
		{D592B865-4880-06F8-B9A7-85B7DA0403B1}.Release|Any CPU.Build.0 = Release|Any CPU
		{FAC0D18E-D550-AE51-5388-42CE88EF1319}.Debug|Any CPU.ActiveCfg = Debug|Any CPU
		{FAC0D18E-D550-AE51-5388-42CE88EF1319}.Debug|Any CPU.Build.0 = Debug|Any CPU
		{FAC0D18E-D550-AE51-5388-42CE88EF1319}.Release|Any CPU.ActiveCfg = Release|Any CPU
		{FAC0D18E-D550-AE51-5388-42CE88EF1319}.Release|Any CPU.Build.0 = Release|Any CPU
		{903BB3CF-2A69-CF3F-FC71-E7314C1799DE}.Debug|Any CPU.ActiveCfg = Debug|Any CPU
		{903BB3CF-2A69-CF3F-FC71-E7314C1799DE}.Debug|Any CPU.Build.0 = Debug|Any CPU
		{903BB3CF-2A69-CF3F-FC71-E7314C1799DE}.Release|Any CPU.ActiveCfg = Release|Any CPU
		{903BB3CF-2A69-CF3F-FC71-E7314C1799DE}.Release|Any CPU.Build.0 = Release|Any CPU
	EndGlobalSection
	GlobalSection(SolutionProperties) = preSolution
		HideSolutionNode = FALSE
	EndGlobalSection
EndGlobal
